
Microsoft Visual Studio Solution File, Format Version 12.00
# Visual Studio Version 17
VisualStudioVersion = 17.5.2.0
MinimumVisualStudioVersion = 10.0.40219.1
Project("{FAE04EC0-301F-11D3-BF4B-00C04F79EFBC}") = "Herança", "Herança.csproj", "{D8E5A8CF-7454-8086-1041-0ED76731B5CB}"
EndProject
Global
	GlobalSection(SolutionConfigurationPlatforms) = preSolution
		Debug|Any CPU = Debug|Any CPU
		Release|Any CPU = Release|Any CPU
	EndGlobalSection
	GlobalSection(ProjectConfigurationPlatforms) = postSolution
		{D8E5A8CF-7454-8086-1041-0ED76731B5CB}.Debug|Any CPU.ActiveCfg = Debug|Any CPU
		{D8E5A8CF-7454-8086-1041-0ED76731B5CB}.Debug|Any CPU.Build.0 = Debug|Any CPU
		{D8E5A8CF-7454-8086-1041-0ED76731B5CB}.Release|Any CPU.ActiveCfg = Release|Any CPU
		{D8E5A8CF-7454-8086-1041-0ED76731B5CB}.Release|Any CPU.Build.0 = Release|Any CPU
	EndGlobalSection
	GlobalSection(SolutionProperties) = preSolution
		HideSolutionNode = FALSE
	EndGlobalSection
	GlobalSection(ExtensibilityGlobals) = postSolution
		SolutionGuid = {354DE8A2-F6AC-436E-8925-A2AF5384F5C1}
	EndGlobalSection
EndGlobal
